
Microsoft Visual Studio Solution File, Format Version 12.00
# Visual Studio 15
Project("{FAE04EC0-301F-11D3-BF4B-00C04F79EFBC}") = "Forditoprogramok", "Forditoprogramok\Forditoprogramok.csproj", "{EAF8C8E0-E7EC-4DCF-93B0-B3153044F55A}"
EndProject
Global
	GlobalSection(SolutionConfigurationPlatforms) = preSolution
		Debug|Any CPU = Debug|Any CPU
		Release|Any CPU = Release|Any CPU
	EndGlobalSection
	GlobalSection(ProjectConfigurationPlatforms) = postSolution
		{EAF8C8E0-E7EC-4DCF-93B0-B3153044F55A}.Debug|Any CPU.ActiveCfg = Debug|Any CPU
		{EAF8C8E0-E7EC-4DCF-93B0-B3153044F55A}.Debug|Any CPU.Build.0 = Debug|Any CPU
		{EAF8C8E0-E7EC-4DCF-93B0-B3153044F55A}.Release|Any CPU.ActiveCfg = Release|Any CPU
		{EAF8C8E0-E7EC-4DCF-93B0-B3153044F55A}.Release|Any CPU.Build.0 = Release|Any CPU
	EndGlobalSection
EndGlobal
